// !$*UTF8*$!
{
	archiveVersion = 1;
	classes = {
	};
	objectVersion = 46;
	objects = {

/* Begin PBXBuildFile section */
		3FA61C781AA536F8004B9285 /* main.cpp in Sources */ = {isa = PBXBuildFile; fileRef = 3FA61C761AA536F8004B9285 /* main.cpp */; };
		3FA61C7B1AA5372A004B9285 /* RBTree.cpp in Sources */ = {isa = PBXBuildFile; fileRef = 3FA61C791AA5372A004B9285 /* RBTree.cpp */; };
/* End PBXBuildFile section */

/* Begin PBXCopyFilesBuildPhase section */
		3FA61C6A1AA53654004B9285 /* CopyFiles */ = {
			isa = PBXCopyFilesBuildPhase;
			buildActionMask = 2147483647;
			dstPath = /usr/share/man/man1/;
			dstSubfolderSpec = 0;
			files = (
			);
			runOnlyForDeploymentPostprocessing = 1;
		};
/* End PBXCopyFilesBuildPhase section */

/* Begin PBXFileReference section */
		3FA61C6C1AA53654004B9285 /* LabAssignment9 */ = {isa = PBXFileReference; explicitFileType = "compiled.mach-o.executable"; includeInIndex = 0; path = LabAssignment9; sourceTree = BUILT_PRODUCTS_DIR; };
		3FA61C761AA536F8004B9285 /* main.cpp */ = {isa = PBXFileReference; fileEncoding = 4; lastKnownFileType = sourcecode.cpp.cpp; path = main.cpp; sourceTree = "<group>"; };
		3FA61C771AA536F8004B9285 /* RBNode.h */ = {isa = PBXFileReference; fileEncoding = 4; lastKnownFileType = sourcecode.c.h; path = RBNode.h; sourceTree = "<group>"; };
		3FA61C791AA5372A004B9285 /* RBTree.cpp */ = {isa = PBXFileReference; fileEncoding = 4; lastKnownFileType = sourcecode.cpp.cpp; path = RBTree.cpp; sourceTree = "<group>"; };
		3FA61C7A1AA5372A004B9285 /* RBTree.h */ = {isa = PBXFileReference; fileEncoding = 4; lastKnownFileType = sourcecode.c.h; path = RBTree.h; sourceTree = "<group>"; };
/* End PBXFileReference section */

/* Begin PBXFrameworksBuildPhase section */
		3FA61C691AA53654004B9285 /* Frameworks */ = {
			isa = PBXFrameworksBuildPhase;
			buildActionMask = 2147483647;
			files = (
			);
			runOnlyForDeploymentPostprocessing = 0;
		};
/* End PBXFrameworksBuildPhase section */

/* Begin PBXGroup section */
		3FA61C631AA53653004B9285 = {
			isa = PBXGroup;
			children = (
				3FA61C791AA5372A004B9285 /* RBTree.cpp */,
				3FA61C7A1AA5372A004B9285 /* RBTree.h */,
				3FA61C6E1AA53654004B9285 /* LabAssignment9 */,
				3FA61C6D1AA53654004B9285 /* Products */,
			);
			sourceTree = "<group>";
		};
		3FA61C6D1AA53654004B9285 /* Products */ = {
			isa = PBXGroup;
			children = (
				3FA61C6C1AA53654004B9285 /* LabAssignment9 */,
			);
			name = Products;
			sourceTree = "<group>";
		};
		3FA61C6E1AA53654004B9285 /* LabAssignment9 */ = {
			isa = PBXGroup;
			children = (
				3FA61C761AA536F8004B9285 /* main.cpp */,
				3FA61C771AA536F8004B9285 /* RBNode.h */,
			);
			path = LabAssignment9;
			sourceTree = "<group>";
		};
/* End PBXGroup section */

/* Begin PBXNativeTarget section */
		3FA61C6B1AA53654004B9285 /* LabAssignment9 */ = {
			isa = PBXNativeTarget;
			buildConfigurationList = 3FA61C731AA53654004B9285 /* Build configuration list for PBXNativeTarget "LabAssignment9" */;
			buildPhases = (
				3FA61C681AA53654004B9285 /* Sources */,
				3FA61C691AA53654004B9285 /* Frameworks */,
				3FA61C6A1AA53654004B9285 /* CopyFiles */,
			);
			buildRules = (
			);
			dependencies = (
			);
			name = LabAssignment9;
			productName = LabAssignment9;
			productReference = 3FA61C6C1AA53654004B9285 /* LabAssignment9 */;
			productType = "com.apple.product-type.tool";
		};
/* End PBXNativeTarget section */

/* Begin PBXProject section */
		3FA61C641AA53653004B9285 /* Project object */ = {
			isa = PBXProject;
			attributes = {
				LastUpgradeCheck = 0610;
				ORGANIZATIONNAME = "Immanuel Amirtharaj";
				TargetAttributes = {
					3FA61C6B1AA53654004B9285 = {
						CreatedOnToolsVersion = 6.1.1;
					};
				};
			};
			buildConfigurationList = 3FA61C671AA53653004B9285 /* Build configuration list for PBXProject "LabAssignment9" */;
			compatibilityVersion = "Xcode 3.2";
			developmentRegion = English;
			hasScannedForEncodings = 0;
			knownRegions = (
				en,
			);
			mainGroup = 3FA61C631AA53653004B9285;
			productRefGroup = 3FA61C6D1AA53654004B9285 /* Products */;
			projectDirPath = "";
			projectRoot = "";
			targets = (
				3FA61C6B1AA53654004B9285 /* LabAssignment9 */,
			);
		};
/* End PBXProject section */

/* Begin PBXSourcesBuildPhase section */
		3FA61C681AA53654004B9285 /* Sources */ = {
			isa = PBXSourcesBuildPhase;
			buildActionMask = 2147483647;
			files = (
				3FA61C781AA536F8004B9285 /* main.cpp in Sources */,
				3FA61C7B1AA5372A004B9285 /* RBTree.cpp in Sources */,
			);
			runOnlyForDeploymentPostprocessing = 0;
		};
/* End PBXSourcesBuildPhase section */

/* Begin XCBuildConfiguration section */
		3FA61C711AA53654004B9285 /* Debug */ = {
			isa = XCBuildConfiguration;
			buildSettings = {
				ALWAYS_SEARCH_USER_PATHS = NO;
				CLANG_CXX_LANGUAGE_STANDARD = "gnu++0x";
				CLANG_CXX_LIBRARY = "libc++";
				CLANG_ENABLE_MODULES = YES;
				CLANG_ENABLE_OBJC_ARC = YES;
				CLANG_WARN_BOOL_CONVERSION = YES;
				CLANG_WARN_CONSTANT_CONVERSION = YES;
				CLANG_WARN_DIRECT_OBJC_ISA_USAGE = YES_ERROR;
				CLANG_WARN_EMPTY_BODY = YES;
				CLANG_WARN_ENUM_CONVERSION = YES;
				CLANG_WARN_INT_CONVERSION = YES;
				CLANG_WARN_OBJC_ROOT_CLASS = YES_ERROR;
				CLANG_WARN_UNREACHABLE_CODE = YES;
				CLANG_WARN__DUPLICATE_METHOD_MATCH = YES;
				COPY_PHASE_STRIP = NO;
				ENABLE_STRICT_OBJC_MSGSEND = YES;
				GCC_C_LANGUAGE_STANDARD = gnu99;
				GCC_DYNAMIC_NO_PIC = NO;
				GCC_OPTIMIZATION_LEVEL = 0;
				GCC_PREPROCESSOR_DEFINITIONS = (
					"DEBUG=1",
					"$(inherited)",
				);
				GCC_SYMBOLS_PRIVATE_EXTERN = NO;
				GCC_WARN_64_TO_32_BIT_CONVERSION = YES;
				GCC_WARN_ABOUT_RETURN_TYPE = YES_ERROR;
				GCC_WARN_UNDECLARED_SELECTOR = YES;
				GCC_WARN_UNINITIALIZED_AUTOS = YES_AGGRESSIVE;
				GCC_WARN_UNUSED_FUNCTION = YES;
				GCC_WARN_UNUSED_VARIABLE = YES;
				MACOSX_DEPLOYMENT_TARGET = 10.10;
				MTL_ENABLE_DEBUG_INFO = YES;
				ONLY_ACTIVE_ARCH = YES;
				SDKROOT = macosx;
			};
			name = Debug;
		};
		3FA61C721AA53654004B9285 /* Release */ = {
			isa = XCBuildConfiguration;
			buildSettings = {
				ALWAYS_SEARCH_USER_PATHS = NO;
				CLANG_CXX_LANGUAGE_STANDARD = "gnu++0x";
				CLANG_CXX_LIBRARY = "libc++";
				CLANG_ENABLE_MODULES = YES;
				CLANG_ENABLE_OBJC_ARC = YES;
				CLANG_WARN_BOOL_CONVERSION = YES;
				CLANG_WARN_CONSTANT_CONVERSION = YES;
				CLANG_WARN_DIRECT_OBJC_ISA_USAGE = YES_ERROR;
				CLANG_WARN_EMPTY_BODY = YES;
				CLANG_WARN_ENUM_CONVERSION = YES;
				CLANG_WARN_INT_CONVERSION = YES;
				CLANG_WARN_OBJC_ROOT_CLASS = YES_ERROR;
				CLANG_WARN_UNREACHABLE_CODE = YES;
				CLANG_WARN__DUPLICATE_METHOD_MATCH = YES;
				COPY_PHASE_STRIP = YES;
				DEBUG_INFORMATION_FORMAT = "dwarf-with-dsym";
				ENABLE_NS_ASSERTIONS = NO;
				ENABLE_STRICT_OBJC_MSGSEND = YES;
				GCC_C_LANGUAGE_STANDARD = gnu99;
				GCC_WARN_64_TO_32_BIT_CONVERSION = YES;
				GCC_WARN_ABOUT_RETURN_TYPE = YES_ERROR;
				GCC_WARN_UNDECLARED_SELECTOR = YES;
				GCC_WARN_UNINITIALIZED_AUTOS = YES_AGGRESSIVE;
				GCC_WARN_UNUSED_FUNCTION = YES;
				GCC_WARN_UNUSED_VARIABLE = YES;
				MACOSX_DEPLOYMENT_TARGET = 10.10;
				MTL_ENABLE_DEBUG_INFO = NO;
				SDKROOT = macosx;
			};
			name = Release;
		};
		3FA61C741AA53654004B9285 /* Debug */ = {
			isa = XCBuildConfiguration;
			buildSettings = {
				PRODUCT_NAME = "$(TARGET_NAME)";
			};
			name = Debug;
		};
		3FA61C751AA53654004B9285 /* Release */ = {
			isa = XCBuildConfiguration;
			buildSettings = {
				PRODUCT_NAME = "$(TARGET_NAME)";
			};
			name = Release;
		};
/* End XCBuildConfiguration section */

/* Begin XCConfigurationList section */
		3FA61C671AA53653004B9285 /* Build configuration list for PBXProject "LabAssignment9" */ = {
			isa = XCConfigurationList;
			buildConfigurations = (
				3FA61C711AA53654004B9285 /* Debug */,
				3FA61C721AA53654004B9285 /* Release */,
			);
			defaultConfigurationIsVisible = 0;
			defaultConfigurationName = Release;
		};
		3FA61C731AA53654004B9285 /* Build configuration list for PBXNativeTarget "LabAssignment9" */ = {
			isa = XCConfigurationList;
			buildConfigurations = (
				3FA61C741AA53654004B9285 /* Debug */,
				3FA61C751AA53654004B9285 /* Release */,
			);
			defaultConfigurationIsVisible = 0;
		};
/* End XCConfigurationList section */
	};
	rootObject = 3FA61C641AA53653004B9285 /* Project object */;
}
